
Microsoft Visual Studio Solution File, Format Version 12.00
# Visual Studio 15
VisualStudioVersion = 15.0.26730.16
MinimumVisualStudioVersion = 10.0.40219.1
Project("{9A19103F-16F7-4668-BE54-9A1E7A4F7556}") = "Core2D.UI.Avalonia", "src\Core2D.UI.Avalonia\Core2D.UI.Avalonia.csproj", "{0C7EA04E-94D8-49B7-B387-C031B2422F3B}"
EndProject
Global
	GlobalSection(SolutionConfigurationPlatforms) = preSolution
		Debug|AnyCPU = Debug|AnyCPU
		Release|AnyCPU = Release|AnyCPU
	EndGlobalSection
	GlobalSection(ProjectConfigurationPlatforms) = postSolution
		{0C7EA04E-94D8-49B7-B387-C031B2422F3B}.Debug|AnyCPU.ActiveCfg = Debug|Any CPU
		{0C7EA04E-94D8-49B7-B387-C031B2422F3B}.Debug|AnyCPU.Build.0 = Debug|Any CPU
		{0C7EA04E-94D8-49B7-B387-C031B2422F3B}.Release|AnyCPU.ActiveCfg = Release|Any CPU
		{0C7EA04E-94D8-49B7-B387-C031B2422F3B}.Release|AnyCPU.Build.0 = Release|Any CPU
	EndGlobalSection
	GlobalSection(SolutionProperties) = preSolution
		HideSolutionNode = FALSE
	EndGlobalSection
	GlobalSection(ExtensibilityGlobals) = postSolution
		SolutionGuid = {2614B90F-C6F8-435C-8BD0-09AEE3ABAD2B}
	EndGlobalSection
EndGlobal
